{
  "requires": true,
  "lockfileVersion": 1,
  "dependencies": {
    "react-hook-form": {
      "version": "7.6.7",
      "resolved": "https://registry.npmjs.org/react-hook-form/-/react-hook-form-7.6.7.tgz",
      "integrity": "sha512-HzYgmUyWdhQRYEuKHOWybVF/anM9s2sPVIoskUvGdMjJaIBOiFIhNVNZuBMSg81LN7tt9Z4A/jFwbMi/kmaZ5A=="
    }
  }
}
